<?xml version="1.0" encoding="utf-8"?>
<Project ToolsVersion="4.0" xmlns="http://schemas.microsoft.com/developer/msbuild/2003">
  <ItemGroup>
    <Filter Include="Source Files">
      <UniqueIdentifier>{4FC737F1-C7A5-4376-A066-2A32D752A2FF}</UniqueIdentifier>
      <Extensions>cpp;c;cc;cxx;def;odl;idl;hpj;bat;asm;asmx</Extensions>
    </Filter>
    <Filter Include="Header Files">
      <UniqueIdentifier>{93995380-89BD-4b04-88EB-625FBE52EBFB}</UniqueIdentifier>
      <Extensions>h;hpp;hxx;hm;inl;inc;xsd</Extensions>
    </Filter>
    <Filter Include="Resource Files">
      <UniqueIdentifier>{67DA6AB6-F800-4c08-8B7A-83BB121AAD01}</UniqueIdentifier>
      <Extensions>rc;ico;cur;bmp;dlg;rc2;rct;bin;rgs;gif;jpg;jpeg;jpe;resx;tiff;tif;png;wav;mfcribbon-ms</Extensions>
    </Filter>
  </ItemGroup>
  <ItemGroup>
    <ClCompile Include="demoPC\Game\CameraController.cpp">
      <Filter>Source Files</Filter>
    </ClCompile>
    <ClCompile Include="demoPC\Game\MainController.cpp">
      <Filter>Source Files</Filter>
    </ClCompile>
    <ClCompile Include="demoPC\FixedStepController.cpp">
      <Filter>Source Files</Filter>
    </ClCompile>
    <ClCompile Include="demoPC\main.cpp">
      <Filter>Source Files</Filter>
    </ClCompile>
    <ClCompile Include="illEngine\Util\util.cpp">
      <Filter>Source Files</Filter>
    </ClCompile>
    <ClCompile Include="illEngine\FileSystem-Physfs\PhysFsFile.cpp">
      <Filter>Source Files</Filter>
    </ClCompile>
    <ClCompile Include="illEngine\FileSystem-Physfs\PhysFsFileSystem.cpp">
      <Filter>Source Files</Filter>
    </ClCompile>
    <ClCompile Include="illEngine\GlCommon\serial\loadMesh.cpp">
      <Filter>Source Files</Filter>
    </ClCompile>
    <ClCompile Include="illEngine\GlCommon\serial\loadShader.cpp">
      <Filter>Source Files</Filter>
    </ClCompile>
    <ClCompile Include="illEngine\GlCommon\serial\loadShaderProgram.cpp">
      <Filter>Source Files</Filter>
    </ClCompile>
    <ClCompile Include="illEngine\GlCommon\serial\loadTexture.cpp">
      <Filter>Source Files</Filter>
    </ClCompile>
    <ClCompile Include="illEngine\Graphics\serial\Material\Shader.cpp">
      <Filter>Source Files</Filter>
    </ClCompile>
    <ClCompile Include="illEngine\Graphics\serial\Material\ShaderProgram.cpp">
      <Filter>Source Files</Filter>
    </ClCompile>
    <ClCompile Include="illEngine\Graphics\serial\Material\Texture.cpp">
      <Filter>Source Files</Filter>
    </ClCompile>
    <ClCompile Include="illEngine\Graphics\serial\Model\Mesh.cpp">
      <Filter>Source Files</Filter>
    </ClCompile>
    <ClCompile Include="illEngine\Graphics\serial\Model\ModelAnimationController.cpp">
      <Filter>Source Files</Filter>
    </ClCompile>
    <ClCompile Include="illEngine\Graphics\serial\Model\Skeleton.cpp">
      <Filter>Source Files</Filter>
    </ClCompile>
    <ClCompile Include="illEngine\Graphics\serial\Model\SkeletonAnimation.cpp">
      <Filter>Source Files</Filter>
    </ClCompile>
    <ClCompile Include="illEngine\Input\serial\InputContext.cpp">
      <Filter>Source Files</Filter>
    </ClCompile>
    <ClCompile Include="illEngine\Input\serial\InputContextStack.cpp">
      <Filter>Source Files</Filter>
    </ClCompile>
    <ClCompile Include="illEngine\Input\serial\InputManager.cpp">
      <Filter>Source Files</Filter>
    </ClCompile>
    <ClCompile Include="illEngine\Logging\serial\SerialLogger.cpp">
      <Filter>Source Files</Filter>
    </ClCompile>
    <ClCompile Include="illEngine\Pc\serial\SdlWindow.cpp">
      <Filter>Source Files</Filter>
    </ClCompile>
    <ClCompile Include="illEngine\Tests\testEndian.cpp">
      <Filter>Source Files</Filter>
    </ClCompile>
    <ClCompile Include="illEngine\Tests\testRefCountPtr.cpp">
      <Filter>Source Files</Filter>
    </ClCompile>
    <ClCompile Include="illEngine\Graphics\serial\BitmapFont.cpp">
      <Filter>Source Files</Filter>
    </ClCompile>
    <ClCompile Include="illEngine\Sound\Decoders\WavDecoder.cpp">
      <Filter>Source Files</Filter>
    </ClCompile>
    <ClCompile Include="illEngine\Tests\testSortDimensions.cpp">
      <Filter>Source Files</Filter>
    </ClCompile>
    <ClCompile Include="demoPC\Game\FrustumIterVisualizer\FrustumIterVisualizerController.cpp">
      <Filter>Source Files</Filter>
    </ClCompile>
    <ClCompile Include="demoPC\Game\SkeletalAnimationDemo\SkeletalAnimationDemoController.cpp">
      <Filter>Source Files</Filter>
    </ClCompile>
    <ClCompile Include="demoPC\Game\FrustumCullVisualizer\FrustumCullVisualizerController.cpp">
      <Filter>Source Files</Filter>
    </ClCompile>
    <ClCompile Include="demoPC\Game\RendererDemo\RendererDemoController.cpp">
      <Filter>Source Files</Filter>
    </ClCompile>
    <ClCompile Include="illEngine\Tests\testPool.cpp">
      <Filter>Source Files</Filter>
    </ClCompile>
    <ClCompile Include="illEngine\FileSystem-Stdio\StdioFileSystem.cpp">
      <Filter>Source Files</Filter>
    </ClCompile>
    <ClCompile Include="illEngine\FileSystem-Stdio\StdioFile.cpp">
      <Filter>Source Files</Filter>
    </ClCompile>
    <ClCompile Include="illEngine\Graphics\serial\Model\AnimSet.cpp">
      <Filter>Source Files</Filter>
    </ClCompile>
    <ClCompile Include="illEngine\Logging\StdioLogger.cpp">
      <Filter>Source Files</Filter>
    </ClCompile>
    <ClCompile Include="illEngine\Tests\testGeomUtil.cpp">
      <Filter>Source Files</Filter>
    </ClCompile>
    <ClCompile Include="illEngine\Graphics\serial\Material\Material.cpp">
      <Filter>Source Files</Filter>
    </ClCompile>
    <ClCompile Include="illEngine\GlCommon\serial\GlBackend.cpp">
      <Filter>Source Files</Filter>
    </ClCompile>
    <ClCompile Include="illEngine\DeferredShadingRenderer\serial\Gl3_3\DeferredShadingBackendGl3_3.cpp">
      <Filter>Source Files</Filter>
    </ClCompile>
    <ClCompile Include="illEngine\RendererCommon\serial\GraphicsScene.cpp">
      <Filter>Source Files</Filter>
    </ClCompile>
    <ClCompile Include="illEngine\DeferredShadingRenderer\serial\DeferredShadingScene.cpp">
      <Filter>Source Files</Filter>
    </ClCompile>
    <ClCompile Include="illEngine\RendererCommon\serial\GraphicsNode.cpp">
      <Filter>Source Files</Filter>
    </ClCompile>
    <ClCompile Include="illEngine\RendererCommon\serial\StaticMeshNode.cpp">
      <Filter>Source Files</Filter>
    </ClCompile>
    <ClCompile Include="illEngine\RendererCommon\serial\LightNode.cpp">
      <Filter>Source Files</Filter>
    </ClCompile>
    <ClCompile Include="demoPC\Game\RendererDemo\Entities\MeshEntity.cpp">
      <Filter>Source Files</Filter>
    </ClCompile>
    <ClCompile Include="demoPC\Game\RendererDemo\Entities\EntityBase.cpp">
      <Filter>Source Files</Filter>
    </ClCompile>
    <ClCompile Include="illEngine\Console\serial\DeveloperConsole.cpp">
      <Filter>Source Files</Filter>
    </ClCompile>
    <ClCompile Include="demoPC\Cvars\inputVars.cpp">
      <Filter>Source Files</Filter>
    </ClCompile>
    <ClCompile Include="demoPC\Cvars\consoleVars.cpp">
      <Filter>Source Files</Filter>
    </ClCompile>
    <ClCompile Include="demoPC\Cvars\graphicsVars.cpp">
      <Filter>Source Files</Filter>
    </ClCompile>
    <ClCompile Include="demoPC\PcConsole.cpp">
      <Filter>Source Files</Filter>
    </ClCompile>
  </ItemGroup>
  <ItemGroup>
    <ClInclude Include="demoPC\Game\CameraController.h">
      <Filter>Header Files</Filter>
    </ClInclude>
    <ClInclude Include="demoPC\Game\MainController.h">
      <Filter>Header Files</Filter>
    </ClInclude>
    <ClInclude Include="demoPC\Engine.h">
      <Filter>Header Files</Filter>
    </ClInclude>
    <ClInclude Include="demoPC\FixedStepController.h">
      <Filter>Header Files</Filter>
    </ClInclude>
    <ClInclude Include="demoPC\GameControllerBase.h">
      <Filter>Header Files</Filter>
    </ClInclude>
    <ClInclude Include="illEngine\Util\Geometry\BoundingVolume.h">
      <Filter>Header Files</Filter>
    </ClInclude>
    <ClInclude Include="illEngine\Util\Geometry\Box.h">
      <Filter>Header Files</Filter>
    </ClInclude>
    <ClInclude Include="illEngine\Util\Geometry\Frustum.h">
      <Filter>Header Files</Filter>
    </ClInclude>
    <ClInclude Include="illEngine\Util\Geometry\geomUtil.h">
      <Filter>Header Files</Filter>
    </ClInclude>
    <ClInclude Include="illEngine\Util\Geometry\GridVolume3D.h">
      <Filter>Header Files</Filter>
    </ClInclude>
    <ClInclude Include="illEngine\Util\Geometry\LineIterator.h">
      <Filter>Header Files</Filter>
    </ClInclude>
    <ClInclude Include="illEngine\Util\Geometry\MeshData.h">
      <Filter>Header Files</Filter>
    </ClInclude>
    <ClInclude Include="illEngine\Util\Geometry\Plane.h">
      <Filter>Header Files</Filter>
    </ClInclude>
    <ClInclude Include="illEngine\Util\Geometry\Sphere.h">
      <Filter>Header Files</Filter>
    </ClInclude>
    <ClInclude Include="illEngine\Util\Geometry\Transform.h">
      <Filter>Header Files</Filter>
    </ClInclude>
    <ClInclude Include="illEngine\Util\Illmesh\IllmeshLoader.h">
      <Filter>Header Files</Filter>
    </ClInclude>
    <ClInclude Include="illEngine\Util\serial\LruCache.h">
      <Filter>Header Files</Filter>
    </ClInclude>
    <ClInclude Include="illEngine\Util\serial\RefCountPtr.h">
      <Filter>Header Files</Filter>
    </ClInclude>
    <ClInclude Include="illEngine\Util\serial\ResourceBase.h">
      <Filter>Header Files</Filter>
    </ClInclude>
    <ClInclude Include="illEngine\Util\serial\ResourceManager.h">
      <Filter>Header Files</Filter>
    </ClInclude>
    <ClInclude Include="illEngine\Util\casting.h">
      <Filter>Header Files</Filter>
    </ClInclude>
    <ClInclude Include="illEngine\Util\debug.h">
      <Filter>Header Files</Filter>
    </ClInclude>
    <ClInclude Include="illEngine\Util\endian.h">
      <Filter>Header Files</Filter>
    </ClInclude>
    <ClInclude Include="illEngine\Util\util.h">
      <Filter>Header Files</Filter>
    </ClInclude>
    <ClInclude Include="illEngine\Console\serial\VariableManager.h">
      <Filter>Header Files</Filter>
    </ClInclude>
    <ClInclude Include="illEngine\FileSystem\File.h">
      <Filter>Header Files</Filter>
    </ClInclude>
    <ClInclude Include="illEngine\FileSystem\FileSystem.h">
      <Filter>Header Files</Filter>
    </ClInclude>
    <ClInclude Include="illEngine\FileSystem-Physfs\PhysFsFile.h">
      <Filter>Header Files</Filter>
    </ClInclude>
    <ClInclude Include="illEngine\FileSystem-Physfs\PhysFsFileSystem.h">
      <Filter>Header Files</Filter>
    </ClInclude>
    <ClInclude Include="illEngine\GlCommon\glLogging.h">
      <Filter>Header Files</Filter>
    </ClInclude>
    <ClInclude Include="illEngine\Graphics\serial\Camera\Camera.h">
      <Filter>Header Files</Filter>
    </ClInclude>
    <ClInclude Include="illEngine\Graphics\serial\Camera\CameraTransform.h">
      <Filter>Header Files</Filter>
    </ClInclude>
    <ClInclude Include="illEngine\Graphics\serial\Material\Material.h">
      <Filter>Header Files</Filter>
    </ClInclude>
    <ClInclude Include="illEngine\Graphics\serial\Material\Shader.h">
      <Filter>Header Files</Filter>
    </ClInclude>
    <ClInclude Include="illEngine\Graphics\serial\Material\ShaderProgram.h">
      <Filter>Header Files</Filter>
    </ClInclude>
    <ClInclude Include="illEngine\Graphics\serial\Material\Texture.h">
      <Filter>Header Files</Filter>
    </ClInclude>
    <ClInclude Include="illEngine\Graphics\serial\Model\Mesh.h">
      <Filter>Header Files</Filter>
    </ClInclude>
    <ClInclude Include="illEngine\Graphics\serial\Model\ModelAnimationController.h">
      <Filter>Header Files</Filter>
    </ClInclude>
    <ClInclude Include="illEngine\Graphics\serial\Model\Skeleton.h">
      <Filter>Header Files</Filter>
    </ClInclude>
    <ClInclude Include="illEngine\Graphics\serial\Model\SkeletonAnimation.h">
      <Filter>Header Files</Filter>
    </ClInclude>
    <ClInclude Include="illEngine\Graphics\serial\Effect.h">
      <Filter>Header Files</Filter>
    </ClInclude>
    <ClInclude Include="illEngine\Graphics\serial\Light.h">
      <Filter>Header Files</Filter>
    </ClInclude>
    <ClInclude Include="illEngine\Graphics\graphicsLogging.h">
      <Filter>Header Files</Filter>
    </ClInclude>
    <ClInclude Include="illEngine\Graphics\Window.h">
      <Filter>Header Files</Filter>
    </ClInclude>
    <ClInclude Include="illEngine\Input\serial\InputBinding.h">
      <Filter>Header Files</Filter>
    </ClInclude>
    <ClInclude Include="illEngine\Input\serial\InputContext.h">
      <Filter>Header Files</Filter>
    </ClInclude>
    <ClInclude Include="illEngine\Input\serial\InputContextStack.h">
      <Filter>Header Files</Filter>
    </ClInclude>
    <ClInclude Include="illEngine\Input\serial\InputManager.h">
      <Filter>Header Files</Filter>
    </ClInclude>
    <ClInclude Include="illEngine\Logging\serial\SerialLogger.h">
      <Filter>Header Files</Filter>
    </ClInclude>
    <ClInclude Include="illEngine\Logging\LogDestination.h">
      <Filter>Header Files</Filter>
    </ClInclude>
    <ClInclude Include="illEngine\Logging\Logger.h">
      <Filter>Header Files</Filter>
    </ClInclude>
    <ClInclude Include="illEngine\Logging\logging.h">
      <Filter>Header Files</Filter>
    </ClInclude>
    <ClInclude Include="illEngine\Pc\serial\sdlInputEnum.h">
      <Filter>Header Files</Filter>
    </ClInclude>
    <ClInclude Include="illEngine\Pc\serial\SdlWindow.h">
      <Filter>Header Files</Filter>
    </ClInclude>
    <ClInclude Include="illEngine\Tests\tests.h">
      <Filter>Header Files</Filter>
    </ClInclude>
    <ClInclude Include="illEngine\Graphics\serial\Model\LastFrameInfo.h">
      <Filter>Header Files</Filter>
    </ClInclude>
    <ClInclude Include="illEngine\Util\serial\StaticList.h">
      <Filter>Header Files</Filter>
    </ClInclude>
    <ClInclude Include="illEngine\Graphics\serial\BitmapFont.h">
      <Filter>Header Files</Filter>
    </ClInclude>
    <ClInclude Include="illEngine\Sound\Decoders\Decoder.h">
      <Filter>Header Files</Filter>
    </ClInclude>
    <ClInclude Include="illEngine\Sound\Decoders\WavDecoder.h">
      <Filter>Header Files</Filter>
    </ClInclude>
    <ClInclude Include="illEngine\Sound\serial\Channel.h">
      <Filter>Header Files</Filter>
    </ClInclude>
    <ClInclude Include="illEngine\Sound\serial\Sample.h">
      <Filter>Header Files</Filter>
    </ClInclude>
    <ClInclude Include="illEngine\Sound\serial\SoundEffect.h">
      <Filter>Header Files</Filter>
    </ClInclude>
    <ClInclude Include="illEngine\Sound\serial\SoundFrontent.h">
      <Filter>Header Files</Filter>
    </ClInclude>
    <ClInclude Include="illEngine\Sound\SoundBackend.h">
      <Filter>Header Files</Filter>
    </ClInclude>
    <ClInclude Include="illEngine\GlCommon\serial\glUtil.h">
      <Filter>Header Files</Filter>
    </ClInclude>
    <ClInclude Include="illEngine\Util\Geometry\MeshEdgeList.h">
      <Filter>Header Files</Filter>
    </ClInclude>
    <ClInclude Include="illEngine\Util\Geometry\Line.h">
      <Filter>Header Files</Filter>
    </ClInclude>
    <ClInclude Include="illEngine\Util\Geometry\Line2.h">
      <Filter>Header Files</Filter>
    </ClInclude>
    <ClInclude Include="illEngine\Util\Geometry\Ray.h">
      <Filter>Header Files</Filter>
    </ClInclude>
    <ClInclude Include="demoPC\Game\FrustumIterVisualizer\FrustumIterVisualizerController.h">
      <Filter>Header Files</Filter>
    </ClInclude>
    <ClInclude Include="demoPC\Game\SkeletalAnimationDemo\SkeletalAnimationDemoController.h">
      <Filter>Header Files</Filter>
    </ClInclude>
    <ClInclude Include="demoPC\Game\FrustumCullVisualizer\FrustumCullVisualizerController.h">
      <Filter>Header Files</Filter>
    </ClInclude>
    <ClInclude Include="demoPC\Game\RendererDemo\RendererDemoController.h">
      <Filter>Header Files</Filter>
    </ClInclude>
    <ClInclude Include="illEngine\Util\CopiedData.h">
      <Filter>Header Files</Filter>
    </ClInclude>
    <ClInclude Include="illEngine\Input\serial\Listeners\ListenerBase.h">
      <Filter>Header Files</Filter>
    </ClInclude>
    <ClInclude Include="illEngine\Input\serial\Listeners\StateListener.h">
      <Filter>Header Files</Filter>
    </ClInclude>
    <ClInclude Include="illEngine\Input\serial\Listeners\RangeListener.h">
      <Filter>Header Files</Filter>
    </ClInclude>
    <ClInclude Include="illEngine\Input\serial\Listeners\ValueListener.h">
      <Filter>Header Files</Filter>
    </ClInclude>
    <ClInclude Include="illEngine\Input\serial\Listeners\StateSetListener.h">
      <Filter>Header Files</Filter>
    </ClInclude>
    <ClInclude Include="illEngine\Input\serial\Listeners\StatePressToggleListener.h">
      <Filter>Header Files</Filter>
    </ClInclude>
    <ClInclude Include="illEngine\Input\serial\Listeners\StateReleaseToggleListener.h">
      <Filter>Header Files</Filter>
    </ClInclude>
    <ClInclude Include="illEngine\Input\serial\Listeners\RangeSetListener.h">
      <Filter>Header Files</Filter>
    </ClInclude>
    <ClInclude Include="illEngine\Input\serial\Listeners\ValueSetListener.h">
      <Filter>Header Files</Filter>
    </ClInclude>
    <ClInclude Include="illEngine\Input\serial\inputEnum.h">
      <Filter>Header Files</Filter>
    </ClInclude>
    <ClInclude Include="illEngine\Util\serial\Pool.h">
      <Filter>Header Files</Filter>
    </ClInclude>
    <ClInclude Include="illEngine\Util\serial\Array.h">
      <Filter>Header Files</Filter>
    </ClInclude>
    <ClInclude Include="illEngine\FileSystem-Stdio\StdioFile.h">
      <Filter>Header Files</Filter>
    </ClInclude>
    <ClInclude Include="illEngine\FileSystem-Stdio\StdioFileSystem.h">
      <Filter>Header Files</Filter>
    </ClInclude>
    <ClInclude Include="illEngine\Graphics\serial\Model\AnimSet.h">
      <Filter>Header Files</Filter>
    </ClInclude>
    <ClInclude Include="illEngine\Logging\StdioLogger.h">
      <Filter>Header Files</Filter>
    </ClInclude>
    <ClInclude Include="illEngine\Util\Geometry\SceneNode.h">
      <Filter>Header Files</Filter>
    </ClInclude>
    <ClInclude Include="illEngine\Graphics\GraphicsBackend.h">
      <Filter>Header Files</Filter>
    </ClInclude>
    <ClInclude Include="illEngine\GlCommon\serial\GlBackend.h">
      <Filter>Header Files</Filter>
    </ClInclude>
    <ClInclude Include="illEngine\DeferredShadingRenderer\serial\Gl3_3\DeferredShadingBackendGl3_3.h">
      <Filter>Header Files</Filter>
    </ClInclude>
    <ClInclude Include="illEngine\RendererCommon\serial\GraphicsScene.h">
      <Filter>Header Files</Filter>
    </ClInclude>
    <ClInclude Include="illEngine\DeferredShadingRenderer\serial\DeferredShadingScene.h">
      <Filter>Header Files</Filter>
    </ClInclude>
    <ClInclude Include="illEngine\RendererCommon\RendererBackend.h">
      <Filter>Header Files</Filter>
    </ClInclude>
    <ClInclude Include="illEngine\RendererCommon\serial\GraphicsNode.h">
      <Filter>Header Files</Filter>
    </ClInclude>
    <ClInclude Include="illEngine\RendererCommon\serial\StaticMeshNode.h">
      <Filter>Header Files</Filter>
    </ClInclude>
    <ClInclude Include="illEngine\RendererCommon\serial\RenderQueues.h">
      <Filter>Header Files</Filter>
    </ClInclude>
    <ClInclude Include="illEngine\RendererCommon\serial\LightNode.h">
      <Filter>Header Files</Filter>
    </ClInclude>
    <ClInclude Include="illEngine\DeferredShadingRenderer\DeferredShadingBackend.h">
      <Filter>Header Files</Filter>
    </ClInclude>
    <ClInclude Include="demoPC\Game\RendererDemo\Entities\SceneLoader.h">
      <Filter>Header Files</Filter>
    </ClInclude>
    <ClInclude Include="demoPC\Game\RendererDemo\Entities\EntityBase.h">
      <Filter>Header Files</Filter>
    </ClInclude>
    <ClInclude Include="demoPC\Game\RendererDemo\Entities\EntityManager.h">
      <Filter>Header Files</Filter>
    </ClInclude>
    <ClInclude Include="demoPC\Game\RendererDemo\Entities\MeshEntity.h">
      <Filter>Header Files</Filter>
    </ClInclude>
    <ClInclude Include="illEngine\Util\Geometry\Iterators\BoxIterator.h">
      <Filter>Header Files</Filter>
    </ClInclude>
    <ClInclude Include="illEngine\Util\Geometry\Iterators\BoxOmitIterator.h">
      <Filter>Header Files</Filter>
    </ClInclude>
    <ClInclude Include="illEngine\Util\Geometry\Iterators\ConvexMeshIteratorDebug.h">
      <Filter>Header Files</Filter>
    </ClInclude>
    <ClInclude Include="illEngine\Util\Geometry\Iterators\ConvexMeshIterator.h">
      <Filter>Header Files</Filter>
    </ClInclude>
    <ClInclude Include="illEngine\Util\Geometry\Iterators\MultiConvexMeshIterator.h">
      <Filter>Header Files</Filter>
    </ClInclude>
    <ClInclude Include="illEngine\Util\Geometry\Iterators\OrderedBoxIterator.h">
      <Filter>Header Files</Filter>
    </ClInclude>
    <ClInclude Include="illEngine\Console\serial\DeveloperConsole.h">
      <Filter>Header Files</Filter>
    </ClInclude>
    <ClInclude Include="illEngine\Console\serial\CommandManager.h">
      <Filter>Header Files</Filter>
    </ClInclude>
    <ClInclude Include="demoPC\Cvars\consoleVars.h">
      <Filter>Header Files</Filter>
    </ClInclude>
    <ClInclude Include="demoPC\Cvars\graphicsVars.h">
      <Filter>Header Files</Filter>
    </ClInclude>
    <ClInclude Include="demoPC\Cvars\inputVars.h">
      <Filter>Header Files</Filter>
    </ClInclude>
    <ClInclude Include="demoPC\PcConsole.h">
      <Filter>Header Files</Filter>
    </ClInclude>
  </ItemGroup>
</Project>